
Microsoft Visual Studio Solution File, Format Version 12.00
# Visual Studio Version 17
VisualStudioVersion = 17.0.31903.59
MinimumVisualStudioVersion = 10.0.40219.1
Project("{2150E333-8FDC-42A3-9474-1A3956D46DE8}") = "src", "src", "{827E0CD3-B72D-47B6-A68D-7590B98EB39B}"
EndProject
Project("{FAE04EC0-301F-11D3-BF4B-00C04F79EFBC}") = "RestaurantePro.Domain", "src\Backend\RestaurantePro.Domain\RestaurantePro.Domain.csproj", "{EEAE0462-D9F5-4E29-86B2-E3264C977BAD}"
EndProject
Project("{2150E333-8FDC-42A3-9474-1A3956D46DE8}") = "tests", "tests", "{0AB3BF05-4346-4AA6-1389-037BE0695223}"
EndProject
Project("{2150E333-8FDC-42A3-9474-1A3956D46DE8}") = "Backend", "Backend", "{FE360695-3F2B-1049-3887-35FBB5135923}"
EndProject
Project("{FAE04EC0-301F-11D3-BF4B-00C04F79EFBC}") = "RestaurantePro.Application", "src\Backend\RestaurantePro.Application\RestaurantePro.Application.csproj", "{D0BF1616-0C57-4661-8B23-773FEF08A795}"
EndProject
Project("{FAE04EC0-301F-11D3-BF4B-00C04F79EFBC}") = "RestaurantePro.Infrastructure", "src\Backend\RestaurantePro.Infrastructure\RestaurantePro.Infrastructure.csproj", "{BD249601-A40E-46FE-B882-C499C380D36D}"
EndProject
Project("{2150E333-8FDC-42A3-9474-1A3956D46DE8}") = "RestaurantePro.Api", "RestaurantePro.Api", "{52A72392-62FE-F8D2-AA0F-EC1A6925AF7C}"
EndProject
Project("{FAE04EC0-301F-11D3-BF4B-00C04F79EFBC}") = "RestaurantePro.API", "src\Backend\RestaurantePro.Api\RestaurantePro.API.csproj", "{BC1F912C-0046-43CF-9EC6-F1662FB1D941}"
EndProject
Project("{2150E333-8FDC-42A3-9474-1A3956D46DE8}") = "Frontend", "Frontend", "{42299874-777B-F2D0-9D08-D24097ABCE7E}"
EndProject
Project("{FAE04EC0-301F-11D3-BF4B-00C04F79EFBC}") = "RestaurantePro.Mobile", "src\Frontend\RestaurantePro.Mobile\RestaurantePro.Mobile.csproj", "{7DD02CE9-0A8D-4C93-9DD7-E5B368C48126}"
EndProject
Project("{FAE04EC0-301F-11D3-BF4B-00C04F79EFBC}") = "RestaurantePro.Mobile.Core", "src\Frontend\RestaurantePro.Mobile.Core\RestaurantePro.Mobile.Core.csproj", "{25465B44-9789-4966-A69D-7E7419EF2CAE}"
EndProject
Project("{2150E333-8FDC-42A3-9474-1A3956D46DE8}") = "TestsBackend", "TestsBackend", "{9A9B7C8D-8E8F-4040-8F2B-3C4D5E6F7A8B}"
EndProject
Project("{FAE04EC0-301F-11D3-BF4B-00C04F79EFBC}") = "RestaurantePro.Domain.UnitTests", "tests\Backend\RestaurantePro.Domain.UnitTests\RestaurantePro.Domain.UnitTests.csproj", "{A5FC189E-D941-4004-91F8-75B279A0C9E6}"
EndProject
Project("{FAE04EC0-301F-11D3-BF4B-00C04F79EFBC}") = "RestaurantePro.Application.UnitTests", "tests\Backend\RestaurantePro.Application.UnitTests\RestaurantePro.Application.UnitTests.csproj", "{0A433B46-C32F-4FA6-9BE9-225C8C806A47}"
EndProject
Project("{FAE04EC0-301F-11D3-BF4B-00C04F79EFBC}") = "RestaurantePro.Infrastructure.IntegrationTests", "tests\Backend\RestaurantePro.Infrastructure.IntegrationTests\RestaurantePro.Infrastructure.IntegrationTests.csproj", "{8A6C9A44-C2DA-4DAC-9865-4290E1F93398}"
EndProject
Project("{FAE04EC0-301F-11D3-BF4B-00C04F79EFBC}") = "RestaurantePro.Api.IntegrationTests", "tests\Backend\RestaurantePro.Api.IntegrationTests\RestaurantePro.Api.IntegrationTests.csproj", "{64A00616-A601-4C29-8563-F926A0259F1E}"
EndProject
Project("{2150E333-8FDC-42A3-9474-1A3956D46DE8}") = "TestsFrontend", "TestsFrontend", "{1B2C3D4E-5F6A-4B5C-8D9E-7F8A9B0C1D2E}"
EndProject
Project("{FAE04EC0-301F-11D3-BF4B-00C04F79EFBC}") = "RestaurantePro.Mobile.UnitTests", "tests\Frontend\RestaurantePro.Mobile.UnitTests\RestaurantePro.Mobile.UnitTests.csproj", "{62BE527C-FD89-46AF-868C-B3399E6C5E32}"
EndProject
Project("{FAE04EC0-301F-11D3-BF4B-00C04F79EFBC}") = "RestaurantePro.Mobile.IntegrationTests", "tests\Frontend\RestaurantePro.Mobile.IntegrationTests\RestaurantePro.Mobile.IntegrationTests.csproj", "{3101DA44-92A0-49DF-B1B2-9030A8BB5B32}"
EndProject
Global
	GlobalSection(SolutionConfigurationPlatforms) = preSolution
		Debug|Any CPU = Debug|Any CPU
		Debug|x64 = Debug|x64
		Debug|x86 = Debug|x86
		Release|Any CPU = Release|Any CPU
		Release|x64 = Release|x64
		Release|x86 = Release|x86
	EndGlobalSection
	GlobalSection(ProjectConfigurationPlatforms) = postSolution
		{EEAE0462-D9F5-4E29-86B2-E3264C977BAD}.Debug|Any CPU.ActiveCfg = Debug|Any CPU
		{EEAE0462-D9F5-4E29-86B2-E3264C977BAD}.Debug|Any CPU.Build.0 = Debug|Any CPU
		{EEAE0462-D9F5-4E29-86B2-E3264C977BAD}.Debug|x64.ActiveCfg = Debug|Any CPU
		{EEAE0462-D9F5-4E29-86B2-E3264C977BAD}.Debug|x64.Build.0 = Debug|Any CPU
		{EEAE0462-D9F5-4E29-86B2-E3264C977BAD}.Debug|x86.ActiveCfg = Debug|Any CPU
		{EEAE0462-D9F5-4E29-86B2-E3264C977BAD}.Debug|x86.Build.0 = Debug|Any CPU
		{EEAE0462-D9F5-4E29-86B2-E3264C977BAD}.Release|Any CPU.ActiveCfg = Release|Any CPU
		{EEAE0462-D9F5-4E29-86B2-E3264C977BAD}.Release|Any CPU.Build.0 = Release|Any CPU
		{EEAE0462-D9F5-4E29-86B2-E3264C977BAD}.Release|x64.ActiveCfg = Debug|Any CPU
		{EEAE0462-D9F5-4E29-86B2-E3264C977BAD}.Release|x64.Build.0 = Debug|Any CPU
		{EEAE0462-D9F5-4E29-86B2-E3264C977BAD}.Release|x86.ActiveCfg = Release|Any CPU
		{EEAE0462-D9F5-4E29-86B2-E3264C977BAD}.Release|x86.Build.0 = Release|Any CPU
		{D0BF1616-0C57-4661-8B23-773FEF08A795}.Debug|Any CPU.ActiveCfg = Debug|Any CPU
		{D0BF1616-0C57-4661-8B23-773FEF08A795}.Debug|Any CPU.Build.0 = Debug|Any CPU
		{D0BF1616-0C57-4661-8B23-773FEF08A795}.Debug|x64.ActiveCfg = Debug|Any CPU
		{D0BF1616-0C57-4661-8B23-773FEF08A795}.Debug|x64.Build.0 = Debug|Any CPU
		{D0BF1616-0C57-4661-8B23-773FEF08A795}.Debug|x86.ActiveCfg = Debug|Any CPU
		{D0BF1616-0C57-4661-8B23-773FEF08A795}.Debug|x86.Build.0 = Debug|Any CPU
		{D0BF1616-0C57-4661-8B23-773FEF08A795}.Release|Any CPU.ActiveCfg = Release|Any CPU
		{D0BF1616-0C57-4661-8B23-773FEF08A795}.Release|Any CPU.Build.0 = Release|Any CPU
		{D0BF1616-0C57-4661-8B23-773FEF08A795}.Release|x64.ActiveCfg = Debug|Any CPU
		{D0BF1616-0C57-4661-8B23-773FEF08A795}.Release|x64.Build.0 = Debug|Any CPU
		{D0BF1616-0C57-4661-8B23-773FEF08A795}.Release|x86.ActiveCfg = Release|Any CPU
		{D0BF1616-0C57-4661-8B23-773FEF08A795}.Release|x86.Build.0 = Release|Any CPU
		{BD249601-A40E-46FE-B882-C499C380D36D}.Debug|Any CPU.ActiveCfg = Debug|Any CPU
		{BD249601-A40E-46FE-B882-C499C380D36D}.Debug|Any CPU.Build.0 = Debug|Any CPU
		{BD249601-A40E-46FE-B882-C499C380D36D}.Debug|x64.ActiveCfg = Debug|Any CPU
		{BD249601-A40E-46FE-B882-C499C380D36D}.Debug|x64.Build.0 = Debug|Any CPU
		{BD249601-A40E-46FE-B882-C499C380D36D}.Debug|x86.ActiveCfg = Debug|Any CPU
		{BD249601-A40E-46FE-B882-C499C380D36D}.Debug|x86.Build.0 = Debug|Any CPU
		{BD249601-A40E-46FE-B882-C499C380D36D}.Release|Any CPU.ActiveCfg = Release|Any CPU
		{BD249601-A40E-46FE-B882-C499C380D36D}.Release|Any CPU.Build.0 = Release|Any CPU
		{BD249601-A40E-46FE-B882-C499C380D36D}.Release|x64.ActiveCfg = Release|Any CPU
		{BD249601-A40E-46FE-B882-C499C380D36D}.Release|x64.Build.0 = Release|Any CPU
		{BD249601-A40E-46FE-B882-C499C380D36D}.Release|x86.ActiveCfg = Release|Any CPU
		{BD249601-A40E-46FE-B882-C499C380D36D}.Release|x86.Build.0 = Release|Any CPU
		{BC1F912C-0046-43CF-9EC6-F1662FB1D941}.Debug|Any CPU.ActiveCfg = Debug|Any CPU
		{BC1F912C-0046-43CF-9EC6-F1662FB1D941}.Debug|Any CPU.Build.0 = Debug|Any CPU
		{BC1F912C-0046-43CF-9EC6-F1662FB1D941}.Debug|x64.ActiveCfg = Debug|Any CPU
		{BC1F912C-0046-43CF-9EC6-F1662FB1D941}.Debug|x64.Build.0 = Debug|Any CPU
		{BC1F912C-0046-43CF-9EC6-F1662FB1D941}.Debug|x86.ActiveCfg = Debug|Any CPU
		{BC1F912C-0046-43CF-9EC6-F1662FB1D941}.Debug|x86.Build.0 = Debug|Any CPU
		{BC1F912C-0046-43CF-9EC6-F1662FB1D941}.Release|Any CPU.ActiveCfg = Release|Any CPU
		{BC1F912C-0046-43CF-9EC6-F1662FB1D941}.Release|Any CPU.Build.0 = Release|Any CPU
		{BC1F912C-0046-43CF-9EC6-F1662FB1D941}.Release|x64.ActiveCfg = Release|Any CPU
		{BC1F912C-0046-43CF-9EC6-F1662FB1D941}.Release|x64.Build.0 = Release|Any CPU
		{BC1F912C-0046-43CF-9EC6-F1662FB1D941}.Release|x86.ActiveCfg = Release|Any CPU
		{BC1F912C-0046-43CF-9EC6-F1662FB1D941}.Release|x86.Build.0 = Release|Any CPU
		{7DD02CE9-0A8D-4C93-9DD7-E5B368C48126}.Debug|Any CPU.ActiveCfg = Debug|Any CPU
		{7DD02CE9-0A8D-4C93-9DD7-E5B368C48126}.Debug|Any CPU.Build.0 = Debug|Any CPU
		{7DD02CE9-0A8D-4C93-9DD7-E5B368C48126}.Debug|Any CPU.Deploy.0 = Debug|Any CPU
		{7DD02CE9-0A8D-4C93-9DD7-E5B368C48126}.Debug|x64.ActiveCfg = Debug|Any CPU
		{7DD02CE9-0A8D-4C93-9DD7-E5B368C48126}.Debug|x64.Build.0 = Debug|Any CPU
		{7DD02CE9-0A8D-4C93-9DD7-E5B368C48126}.Debug|x86.ActiveCfg = Debug|Any CPU
		{7DD02CE9-0A8D-4C93-9DD7-E5B368C48126}.Debug|x86.Build.0 = Debug|Any CPU
		{7DD02CE9-0A8D-4C93-9DD7-E5B368C48126}.Release|Any CPU.ActiveCfg = Release|Any CPU
		{7DD02CE9-0A8D-4C93-9DD7-E5B368C48126}.Release|Any CPU.Build.0 = Release|Any CPU
		{7DD02CE9-0A8D-4C93-9DD7-E5B368C48126}.Release|x64.ActiveCfg = Release|Any CPU
		{7DD02CE9-0A8D-4C93-9DD7-E5B368C48126}.Release|x64.Build.0 = Release|Any CPU
		{7DD02CE9-0A8D-4C93-9DD7-E5B368C48126}.Release|x86.ActiveCfg = Release|Any CPU
		{7DD02CE9-0A8D-4C93-9DD7-E5B368C48126}.Release|x86.Build.0 = Release|Any CPU
		{25465B44-9789-4966-A69D-7E7419EF2CAE}.Debug|Any CPU.ActiveCfg = Debug|Any CPU
		{25465B44-9789-4966-A69D-7E7419EF2CAE}.Debug|Any CPU.Build.0 = Debug|Any CPU
		{25465B44-9789-4966-A69D-7E7419EF2CAE}.Debug|x64.ActiveCfg = Debug|Any CPU
		{25465B44-9789-4966-A69D-7E7419EF2CAE}.Debug|x64.Build.0 = Debug|Any CPU
		{25465B44-9789-4966-A69D-7E7419EF2CAE}.Debug|x86.ActiveCfg = Debug|Any CPU
		{25465B44-9789-4966-A69D-7E7419EF2CAE}.Debug|x86.Build.0 = Debug|Any CPU
		{25465B44-9789-4966-A69D-7E7419EF2CAE}.Release|Any CPU.ActiveCfg = Release|Any CPU
		{25465B44-9789-4966-A69D-7E7419EF2CAE}.Release|Any CPU.Build.0 = Release|Any CPU
		{25465B44-9789-4966-A69D-7E7419EF2CAE}.Release|x64.ActiveCfg = Release|Any CPU
		{25465B44-9789-4966-A69D-7E7419EF2CAE}.Release|x64.Build.0 = Release|Any CPU
		{25465B44-9789-4966-A69D-7E7419EF2CAE}.Release|x86.ActiveCfg = Release|Any CPU
		{25465B44-9789-4966-A69D-7E7419EF2CAE}.Release|x86.Build.0 = Release|Any CPU
		{A5FC189E-D941-4004-91F8-75B279A0C9E6}.Debug|Any CPU.ActiveCfg = Debug|Any CPU
		{A5FC189E-D941-4004-91F8-75B279A0C9E6}.Debug|Any CPU.Build.0 = Debug|Any CPU
		{A5FC189E-D941-4004-91F8-75B279A0C9E6}.Debug|x64.ActiveCfg = Debug|Any CPU
		{A5FC189E-D941-4004-91F8-75B279A0C9E6}.Debug|x64.Build.0 = Debug|Any CPU
		{A5FC189E-D941-4004-91F8-75B279A0C9E6}.Debug|x86.ActiveCfg = Debug|Any CPU
		{A5FC189E-D941-4004-91F8-75B279A0C9E6}.Debug|x86.Build.0 = Debug|Any CPU
		{A5FC189E-D941-4004-91F8-75B279A0C9E6}.Release|Any CPU.ActiveCfg = Release|Any CPU
		{A5FC189E-D941-4004-91F8-75B279A0C9E6}.Release|Any CPU.Build.0 = Release|Any CPU
		{A5FC189E-D941-4004-91F8-75B279A0C9E6}.Release|x64.ActiveCfg = Debug|Any CPU
		{A5FC189E-D941-4004-91F8-75B279A0C9E6}.Release|x64.Build.0 = Debug|Any CPU
		{A5FC189E-D941-4004-91F8-75B279A0C9E6}.Release|x86.ActiveCfg = Release|Any CPU
		{A5FC189E-D941-4004-91F8-75B279A0C9E6}.Release|x86.Build.0 = Release|Any CPU
		{0A433B46-C32F-4FA6-9BE9-225C8C806A47}.Debug|Any CPU.ActiveCfg = Debug|Any CPU
		{0A433B46-C32F-4FA6-9BE9-225C8C806A47}.Debug|Any CPU.Build.0 = Debug|Any CPU
		{0A433B46-C32F-4FA6-9BE9-225C8C806A47}.Debug|x64.ActiveCfg = Debug|Any CPU
		{0A433B46-C32F-4FA6-9BE9-225C8C806A47}.Debug|x64.Build.0 = Debug|Any CPU
		{0A433B46-C32F-4FA6-9BE9-225C8C806A47}.Debug|x86.ActiveCfg = Debug|Any CPU
		{0A433B46-C32F-4FA6-9BE9-225C8C806A47}.Debug|x86.Build.0 = Debug|Any CPU
		{0A433B46-C32F-4FA6-9BE9-225C8C806A47}.Release|Any CPU.ActiveCfg = Release|Any CPU
		{0A433B46-C32F-4FA6-9BE9-225C8C806A47}.Release|Any CPU.Build.0 = Release|Any CPU
		{0A433B46-C32F-4FA6-9BE9-225C8C806A47}.Release|x64.ActiveCfg = Release|Any CPU
		{0A433B46-C32F-4FA6-9BE9-225C8C806A47}.Release|x64.Build.0 = Release|Any CPU
		{0A433B46-C32F-4FA6-9BE9-225C8C806A47}.Release|x86.ActiveCfg = Release|Any CPU
		{0A433B46-C32F-4FA6-9BE9-225C8C806A47}.Release|x86.Build.0 = Release|Any CPU
		{8A6C9A44-C2DA-4DAC-9865-4290E1F93398}.Debug|Any CPU.ActiveCfg = Debug|Any CPU
		{8A6C9A44-C2DA-4DAC-9865-4290E1F93398}.Debug|Any CPU.Build.0 = Debug|Any CPU
		{8A6C9A44-C2DA-4DAC-9865-4290E1F93398}.Debug|x64.ActiveCfg = Debug|Any CPU
		{8A6C9A44-C2DA-4DAC-9865-4290E1F93398}.Debug|x64.Build.0 = Debug|Any CPU
		{8A6C9A44-C2DA-4DAC-9865-4290E1F93398}.Debug|x86.ActiveCfg = Debug|Any CPU
		{8A6C9A44-C2DA-4DAC-9865-4290E1F93398}.Debug|x86.Build.0 = Debug|Any CPU
		{8A6C9A44-C2DA-4DAC-9865-4290E1F93398}.Release|Any CPU.ActiveCfg = Release|Any CPU
		{8A6C9A44-C2DA-4DAC-9865-4290E1F93398}.Release|Any CPU.Build.0 = Release|Any CPU
		{8A6C9A44-C2DA-4DAC-9865-4290E1F93398}.Release|x64.ActiveCfg = Release|Any CPU
		{8A6C9A44-C2DA-4DAC-9865-4290E1F93398}.Release|x64.Build.0 = Release|Any CPU
		{8A6C9A44-C2DA-4DAC-9865-4290E1F93398}.Release|x86.ActiveCfg = Release|Any CPU
		{8A6C9A44-C2DA-4DAC-9865-4290E1F93398}.Release|x86.Build.0 = Release|Any CPU
		{64A00616-A601-4C29-8563-F926A0259F1E}.Debug|Any CPU.ActiveCfg = Debug|Any CPU
		{64A00616-A601-4C29-8563-F926A0259F1E}.Debug|Any CPU.Build.0 = Debug|Any CPU
		{64A00616-A601-4C29-8563-F926A0259F1E}.Debug|x64.ActiveCfg = Debug|Any CPU
		{64A00616-A601-4C29-8563-F926A0259F1E}.Debug|x64.Build.0 = Debug|Any CPU
		{64A00616-A601-4C29-8563-F926A0259F1E}.Debug|x86.ActiveCfg = Debug|Any CPU
		{64A00616-A601-4C29-8563-F926A0259F1E}.Debug|x86.Build.0 = Debug|Any CPU
		{64A00616-A601-4C29-8563-F926A0259F1E}.Release|Any CPU.ActiveCfg = Release|Any CPU
		{64A00616-A601-4C29-8563-F926A0259F1E}.Release|Any CPU.Build.0 = Release|Any CPU
		{64A00616-A601-4C29-8563-F926A0259F1E}.Release|x64.ActiveCfg = Release|Any CPU
		{64A00616-A601-4C29-8563-F926A0259F1E}.Release|x64.Build.0 = Release|Any CPU
		{64A00616-A601-4C29-8563-F926A0259F1E}.Release|x86.ActiveCfg = Release|Any CPU
		{64A00616-A601-4C29-8563-F926A0259F1E}.Release|x86.Build.0 = Release|Any CPU
		{62BE527C-FD89-46AF-868C-B3399E6C5E32}.Debug|Any CPU.ActiveCfg = Debug|Any CPU
		{62BE527C-FD89-46AF-868C-B3399E6C5E32}.Debug|Any CPU.Build.0 = Debug|Any CPU
		{62BE527C-FD89-46AF-868C-B3399E6C5E32}.Debug|x64.ActiveCfg = Debug|Any CPU
		{62BE527C-FD89-46AF-868C-B3399E6C5E32}.Debug|x64.Build.0 = Debug|Any CPU
		{62BE527C-FD89-46AF-868C-B3399E6C5E32}.Debug|x86.ActiveCfg = Debug|Any CPU
		{62BE527C-FD89-46AF-868C-B3399E6C5E32}.Debug|x86.Build.0 = Debug|Any CPU
		{62BE527C-FD89-46AF-868C-B3399E6C5E32}.Release|Any CPU.ActiveCfg = Release|Any CPU
		{62BE527C-FD89-46AF-868C-B3399E6C5E32}.Release|Any CPU.Build.0 = Release|Any CPU
		{62BE527C-FD89-46AF-868C-B3399E6C5E32}.Release|x64.ActiveCfg = Release|Any CPU
		{62BE527C-FD89-46AF-868C-B3399E6C5E32}.Release|x64.Build.0 = Release|Any CPU
		{62BE527C-FD89-46AF-868C-B3399E6C5E32}.Release|x86.ActiveCfg = Release|Any CPU
		{62BE527C-FD89-46AF-868C-B3399E6C5E32}.Release|x86.Build.0 = Release|Any CPU
		{3101DA44-92A0-49DF-B1B2-9030A8BB5B32}.Debug|Any CPU.ActiveCfg = Debug|Any CPU
		{3101DA44-92A0-49DF-B1B2-9030A8BB5B32}.Debug|Any CPU.Build.0 = Debug|Any CPU
		{3101DA44-92A0-49DF-B1B2-9030A8BB5B32}.Debug|x64.ActiveCfg = Debug|Any CPU
		{3101DA44-92A0-49DF-B1B2-9030A8BB5B32}.Debug|x64.Build.0 = Debug|Any CPU
		{3101DA44-92A0-49DF-B1B2-9030A8BB5B32}.Debug|x86.ActiveCfg = Debug|Any CPU
		{3101DA44-92A0-49DF-B1B2-9030A8BB5B32}.Debug|x86.Build.0 = Debug|Any CPU
		{3101DA44-92A0-49DF-B1B2-9030A8BB5B32}.Release|Any CPU.ActiveCfg = Release|Any CPU
		{3101DA44-92A0-49DF-B1B2-9030A8BB5B32}.Release|Any CPU.Build.0 = Release|Any CPU
		{3101DA44-92A0-49DF-B1B2-9030A8BB5B32}.Release|x64.ActiveCfg = Release|Any CPU
		{3101DA44-92A0-49DF-B1B2-9030A8BB5B32}.Release|x64.Build.0 = Release|Any CPU
		{3101DA44-92A0-49DF-B1B2-9030A8BB5B32}.Release|x86.ActiveCfg = Release|Any CPU
		{3101DA44-92A0-49DF-B1B2-9030A8BB5B32}.Release|x86.Build.0 = Release|Any CPU
	EndGlobalSection
	GlobalSection(SolutionProperties) = preSolution
		HideSolutionNode = FALSE
	EndGlobalSection
	GlobalSection(NestedProjects) = preSolution
		{EEAE0462-D9F5-4E29-86B2-E3264C977BAD} = {FE360695-3F2B-1049-3887-35FBB5135923}
		{FE360695-3F2B-1049-3887-35FBB5135923} = {827E0CD3-B72D-47B6-A68D-7590B98EB39B}
		{D0BF1616-0C57-4661-8B23-773FEF08A795} = {FE360695-3F2B-1049-3887-35FBB5135923}
		{BD249601-A40E-46FE-B882-C499C380D36D} = {FE360695-3F2B-1049-3887-35FBB5135923}
		{52A72392-62FE-F8D2-AA0F-EC1A6925AF7C} = {FE360695-3F2B-1049-3887-35FBB5135923}
		{BC1F912C-0046-43CF-9EC6-F1662FB1D941} = {52A72392-62FE-F8D2-AA0F-EC1A6925AF7C}
		{42299874-777B-F2D0-9D08-D24097ABCE7E} = {827E0CD3-B72D-47B6-A68D-7590B98EB39B}
		{7DD02CE9-0A8D-4C93-9DD7-E5B368C48126} = {42299874-777B-F2D0-9D08-D24097ABCE7E}
		{25465B44-9789-4966-A69D-7E7419EF2CAE} = {42299874-777B-F2D0-9D08-D24097ABCE7E}
		{9A9B7C8D-8E8F-4040-8F2B-3C4D5E6F7A8B} = {0AB3BF05-4346-4AA6-1389-037BE0695223}
		{A5FC189E-D941-4004-91F8-75B279A0C9E6} = {9A9B7C8D-8E8F-4040-8F2B-3C4D5E6F7A8B}
		{0A433B46-C32F-4FA6-9BE9-225C8C806A47} = {9A9B7C8D-8E8F-4040-8F2B-3C4D5E6F7A8B}
		{8A6C9A44-C2DA-4DAC-9865-4290E1F93398} = {9A9B7C8D-8E8F-4040-8F2B-3C4D5E6F7A8B}
		{64A00616-A601-4C29-8563-F926A0259F1E} = {9A9B7C8D-8E8F-4040-8F2B-3C4D5E6F7A8B}
		{1B2C3D4E-5F6A-4B5C-8D9E-7F8A9B0C1D2E} = {0AB3BF05-4346-4AA6-1389-037BE0695223}
		{62BE527C-FD89-46AF-868C-B3399E6C5E32} = {1B2C3D4E-5F6A-4B5C-8D9E-7F8A9B0C1D2E}
		{3101DA44-92A0-49DF-B1B2-9030A8BB5B32} = {1B2C3D4E-5F6A-4B5C-8D9E-7F8A9B0C1D2E}
	EndGlobalSection
EndGlobal
