
Microsoft Visual Studio Solution File, Format Version 12.00
# Visual Studio Version 17
VisualStudioVersion = 17.12.35707.178
MinimumVisualStudioVersion = 10.0.40219.1
Project("{2150E333-8FDC-42A3-9474-1A3956D46DE8}") = "src", "src", "{A4C2D279-1E94-4DF9-89C7-9CA5E51EF170}"
EndProject
Project("{FAE04EC0-301F-11D3-BF4B-00C04F79EFBC}") = "RestaurantePro.App", "RestaurantePro.App\RestaurantePro.App.csproj", "{0E4323FB-D592-4BD3-B154-E4578C002681}"
EndProject
Project("{FAE04EC0-301F-11D3-BF4B-00C04F79EFBC}") = "RestaurantePro.Api", "RestaurantePro.Api\RestaurantePro.Api.csproj", "{9D6B82D3-20FD-4695-8CE6-2C957F7325B7}"
EndProject
Global
	GlobalSection(SolutionConfigurationPlatforms) = preSolution
		Debug|Any CPU = Debug|Any CPU
		Release|Any CPU = Release|Any CPU
	EndGlobalSection
	GlobalSection(ProjectConfigurationPlatforms) = postSolution
		{0E4323FB-D592-4BD3-B154-E4578C002681}.Debug|Any CPU.ActiveCfg = Debug|Any CPU
		{0E4323FB-D592-4BD3-B154-E4578C002681}.Debug|Any CPU.Build.0 = Debug|Any CPU
		{0E4323FB-D592-4BD3-B154-E4578C002681}.Debug|Any CPU.Deploy.0 = Debug|Any CPU
		{0E4323FB-D592-4BD3-B154-E4578C002681}.Release|Any CPU.ActiveCfg = Release|Any CPU
		{0E4323FB-D592-4BD3-B154-E4578C002681}.Release|Any CPU.Build.0 = Release|Any CPU
		{0E4323FB-D592-4BD3-B154-E4578C002681}.Release|Any CPU.Deploy.0 = Release|Any CPU
		{9D6B82D3-20FD-4695-8CE6-2C957F7325B7}.Debug|Any CPU.ActiveCfg = Debug|Any CPU
		{9D6B82D3-20FD-4695-8CE6-2C957F7325B7}.Debug|Any CPU.Build.0 = Debug|Any CPU
		{9D6B82D3-20FD-4695-8CE6-2C957F7325B7}.Release|Any CPU.ActiveCfg = Release|Any CPU
		{9D6B82D3-20FD-4695-8CE6-2C957F7325B7}.Release|Any CPU.Build.0 = Release|Any CPU
	EndGlobalSection
	GlobalSection(SolutionProperties) = preSolution
		HideSolutionNode = FALSE
	EndGlobalSection
	GlobalSection(NestedProjects) = preSolution
		{0E4323FB-D592-4BD3-B154-E4578C002681} = {A4C2D279-1E94-4DF9-89C7-9CA5E51EF170}
		{9D6B82D3-20FD-4695-8CE6-2C957F7325B7} = {A4C2D279-1E94-4DF9-89C7-9CA5E51EF170}
	EndGlobalSection
EndGlobal
